<?xml version="1.0" encoding="utf-8"?>
<Project ToolsVersion="4.0" xmlns="http://schemas.microsoft.com/developer/msbuild/2003">
  <ItemGroup>
    <Filter Include="Source Files">
      <UniqueIdentifier>{c2a1d0ef-4a14-4292-84e9-ce59d11f8971}</UniqueIdentifier>
      <Extensions>cpp;c;cxx;rc;def;r;odl;hpj;bat;for;f90</Extensions>
    </Filter>
    <Filter Include="Header Files">
      <UniqueIdentifier>{bc751380-848a-43af-aee6-ada99ea7f730}</UniqueIdentifier>
      <Extensions>h;hpp;hxx;hm;inl;fi;fd</Extensions>
    </Filter>
    <Filter Include="Resource Files">
      <UniqueIdentifier>{66837a62-64a7-4d8d-b9ec-2f41113b7423}</UniqueIdentifier>
      <Extensions>ico;cur;bmp;dlg;rc2;rct;bin;cnt;rtf;gif;jpg;jpeg;jpe</Extensions>
    </Filter>
  </ItemGroup>
  <ItemGroup>
    <ClCompile Include="Png.c">
      <Filter>Source Files</Filter>
    </ClCompile>
    <ClCompile Include="Pngerror.c">
      <Filter>Source Files</Filter>
    </ClCompile>
    <ClCompile Include="pngget.c">
      <Filter>Source Files</Filter>
    </ClCompile>
    <ClCompile Include="Pngmem.c">
      <Filter>Source Files</Filter>
    </ClCompile>
    <ClCompile Include="Pngpread.c">
      <Filter>Source Files</Filter>
    </ClCompile>
    <ClCompile Include="Pngread.c">
      <Filter>Source Files</Filter>
    </ClCompile>
    <ClCompile Include="Pngrio.c">
      <Filter>Source Files</Filter>
    </ClCompile>
    <ClCompile Include="Pngrtran.c">
      <Filter>Source Files</Filter>
    </ClCompile>
    <ClCompile Include="Pngrutil.c">
      <Filter>Source Files</Filter>
    </ClCompile>
    <ClCompile Include="pngset.c">
      <Filter>Source Files</Filter>
    </ClCompile>
    <ClCompile Include="Pngtest.c">
      <Filter>Source Files</Filter>
    </ClCompile>
    <ClCompile Include="Pngtrans.c">
      <Filter>Source Files</Filter>
    </ClCompile>
    <ClCompile Include="Pngwio.c">
      <Filter>Source Files</Filter>
    </ClCompile>
    <ClCompile Include="Pngwrite.c">
      <Filter>Source Files</Filter>
    </ClCompile>
    <ClCompile Include="Pngwtran.c">
      <Filter>Source Files</Filter>
    </ClCompile>
    <ClCompile Include="Pngwutil.c">
      <Filter>Source Files</Filter>
    </ClCompile>
  </ItemGroup>
  <ItemGroup>
    <ClInclude Include="png.h">
      <Filter>Header Files</Filter>
    </ClInclude>
    <ClInclude Include="pngconf.h">
      <Filter>Header Files</Filter>
    </ClInclude>
  </ItemGroup>
</Project>