<?xml version="1.0" encoding="utf-8"?>
<Project ToolsVersion="4.0" xmlns="http://schemas.microsoft.com/developer/msbuild/2003">
  <ItemGroup>
    <Filter Include="Source Files">
      <UniqueIdentifier>{9d6e79e2-adfb-4399-89c5-618ca3fe779e}</UniqueIdentifier>
      <Extensions>cpp;c;cxx;rc;def;r;odl;hpj;bat;for;f90</Extensions>
    </Filter>
    <Filter Include="Header Files">
      <UniqueIdentifier>{eebd210e-8065-4f11-82a5-140e70ef9d93}</UniqueIdentifier>
      <Extensions>h;hpp;hxx;hm;inl;fi;fd</Extensions>
    </Filter>
    <Filter Include="Resource Files">
      <UniqueIdentifier>{0de5c0ca-33a3-4e4a-b0a3-8afba7228b62}</UniqueIdentifier>
      <Extensions>ico;cur;bmp;dlg;rc2;rct;bin;cnt;rtf;gif;jpg;jpeg;jpe</Extensions>
    </Filter>
  </ItemGroup>
  <ItemGroup>
    <ClCompile Include="Jcapi.c">
      <Filter>Source Files</Filter>
    </ClCompile>
    <ClCompile Include="Jccoefct.c">
      <Filter>Source Files</Filter>
    </ClCompile>
    <ClCompile Include="Jccolor.c">
      <Filter>Source Files</Filter>
    </ClCompile>
    <ClCompile Include="Jcdctmgr.c">
      <Filter>Source Files</Filter>
    </ClCompile>
    <ClCompile Include="Jchuff.c">
      <Filter>Source Files</Filter>
    </ClCompile>
    <ClCompile Include="Jcmainct.c">
      <Filter>Source Files</Filter>
    </ClCompile>
    <ClCompile Include="Jcmarker.c">
      <Filter>Source Files</Filter>
    </ClCompile>
    <ClCompile Include="Jcmaster.c">
      <Filter>Source Files</Filter>
    </ClCompile>
    <ClCompile Include="Jcomapi.c">
      <Filter>Source Files</Filter>
    </ClCompile>
    <ClCompile Include="Jcparam.c">
      <Filter>Source Files</Filter>
    </ClCompile>
    <ClCompile Include="Jcprepct.c">
      <Filter>Source Files</Filter>
    </ClCompile>
    <ClCompile Include="Jcsample.c">
      <Filter>Source Files</Filter>
    </ClCompile>
    <ClCompile Include="Jdapi.c">
      <Filter>Source Files</Filter>
    </ClCompile>
    <ClCompile Include="Jdatadst.c">
      <Filter>Source Files</Filter>
    </ClCompile>
    <ClCompile Include="Jdatasrc.c">
      <Filter>Source Files</Filter>
    </ClCompile>
    <ClCompile Include="Jdcoefct.c">
      <Filter>Source Files</Filter>
    </ClCompile>
    <ClCompile Include="Jdcolor.c">
      <Filter>Source Files</Filter>
    </ClCompile>
    <ClCompile Include="Jddctmgr.c">
      <Filter>Source Files</Filter>
    </ClCompile>
    <ClCompile Include="Jdhuff.c">
      <Filter>Source Files</Filter>
    </ClCompile>
    <ClCompile Include="Jdmainct.c">
      <Filter>Source Files</Filter>
    </ClCompile>
    <ClCompile Include="Jdmarker.c">
      <Filter>Source Files</Filter>
    </ClCompile>
    <ClCompile Include="Jdmaster.c">
      <Filter>Source Files</Filter>
    </ClCompile>
    <ClCompile Include="Jdmerge.c">
      <Filter>Source Files</Filter>
    </ClCompile>
    <ClCompile Include="Jdpostct.c">
      <Filter>Source Files</Filter>
    </ClCompile>
    <ClCompile Include="Jdsample.c">
      <Filter>Source Files</Filter>
    </ClCompile>
    <ClCompile Include="Jerror.c">
      <Filter>Source Files</Filter>
    </ClCompile>
    <ClCompile Include="Jfdctflt.c">
      <Filter>Source Files</Filter>
    </ClCompile>
    <ClCompile Include="Jfdctfst.c">
      <Filter>Source Files</Filter>
    </ClCompile>
    <ClCompile Include="Jfdctint.c">
      <Filter>Source Files</Filter>
    </ClCompile>
    <ClCompile Include="Jidctflt.c">
      <Filter>Source Files</Filter>
    </ClCompile>
    <ClCompile Include="Jidctfst.c">
      <Filter>Source Files</Filter>
    </ClCompile>
    <ClCompile Include="Jidctint.c">
      <Filter>Source Files</Filter>
    </ClCompile>
    <ClCompile Include="Jidctred.c">
      <Filter>Source Files</Filter>
    </ClCompile>
    <ClCompile Include="Jmemmgr.c">
      <Filter>Source Files</Filter>
    </ClCompile>
    <ClCompile Include="Jmemnobs.c">
      <Filter>Source Files</Filter>
    </ClCompile>
    <ClCompile Include="Jquant1.c">
      <Filter>Source Files</Filter>
    </ClCompile>
    <ClCompile Include="Jquant2.c">
      <Filter>Source Files</Filter>
    </ClCompile>
    <ClCompile Include="Jutils.c">
      <Filter>Source Files</Filter>
    </ClCompile>
  </ItemGroup>
  <ItemGroup>
    <ClInclude Include="jconfig.h">
      <Filter>Header Files</Filter>
    </ClInclude>
    <ClInclude Include="jdct.h">
      <Filter>Header Files</Filter>
    </ClInclude>
    <ClInclude Include="jerror.h">
      <Filter>Header Files</Filter>
    </ClInclude>
    <ClInclude Include="jinclude.h">
      <Filter>Header Files</Filter>
    </ClInclude>
    <ClInclude Include="jmemsys.h">
      <Filter>Header Files</Filter>
    </ClInclude>
    <ClInclude Include="jmorecfg.h">
      <Filter>Header Files</Filter>
    </ClInclude>
    <ClInclude Include="jpegint.h">
      <Filter>Header Files</Filter>
    </ClInclude>
    <ClInclude Include="jpeglib.h">
      <Filter>Header Files</Filter>
    </ClInclude>
    <ClInclude Include="jversion.h">
      <Filter>Header Files</Filter>
    </ClInclude>
  </ItemGroup>
</Project>