<?xml version="1.0" encoding="utf-8"?>
<Project ToolsVersion="4.0" xmlns="http://schemas.microsoft.com/developer/msbuild/2003">
  <ItemGroup>
    <Filter Include="Source Files">
      <UniqueIdentifier>{fb08a986-dfdf-4a5b-95e7-be892ad99382}</UniqueIdentifier>
      <Extensions>cpp;c;cxx;rc;def;r;odl;hpj;bat;for;f90</Extensions>
    </Filter>
    <Filter Include="Header Files">
      <UniqueIdentifier>{89b3a91d-ac76-4c10-bfae-8b1f81634f17}</UniqueIdentifier>
      <Extensions>h;hpp;hxx;hm;inl;fi;fd</Extensions>
    </Filter>
    <Filter Include="Resource Files">
      <UniqueIdentifier>{a6714ca4-4fbc-4ddd-8dbf-1fc2dce85998}</UniqueIdentifier>
      <Extensions>ico;cur;bmp;dlg;rc2;rct;bin;cnt;rtf;gif;jpg;jpeg;jpe</Extensions>
    </Filter>
  </ItemGroup>
  <ItemGroup>
    <ClCompile Include="cimage.cpp">
      <Filter>Source Files</Filter>
    </ClCompile>
    <ClCompile Include="cimageb.cpp">
      <Filter>Source Files</Filter>
    </ClCompile>
    <ClCompile Include="cmap.cpp">
      <Filter>Source Files</Filter>
    </ClCompile>
    <ClCompile Include="Dibutils.cpp">
      <Filter>Source Files</Filter>
    </ClCompile>
    <ClCompile Include="Gifdecod.cpp">
      <Filter>Source Files</Filter>
    </ClCompile>
    <ClCompile Include="Imabmp.cpp">
      <Filter>Source Files</Filter>
    </ClCompile>
    <ClCompile Include="Imagif.cpp">
      <Filter>Source Files</Filter>
    </ClCompile>
    <ClCompile Include="Imajpg.cpp">
      <Filter>Source Files</Filter>
    </ClCompile>
    <ClCompile Include="Imapng.cpp">
      <Filter>Source Files</Filter>
    </ClCompile>
  </ItemGroup>
  <ItemGroup>
    <ClInclude Include="cimage.h">
      <Filter>Header Files</Filter>
    </ClInclude>
    <ClInclude Include="cimageb.h">
      <Filter>Header Files</Filter>
    </ClInclude>
    <ClInclude Include="cmap.h">
      <Filter>Header Files</Filter>
    </ClInclude>
    <ClInclude Include="dibutils.h">
      <Filter>Header Files</Filter>
    </ClInclude>
    <ClInclude Include="gifdecod.h">
      <Filter>Header Files</Filter>
    </ClInclude>
    <ClInclude Include="Imabmp.h">
      <Filter>Header Files</Filter>
    </ClInclude>
    <ClInclude Include="Imafile.h">
      <Filter>Header Files</Filter>
    </ClInclude>
    <ClInclude Include="Imagif.h">
      <Filter>Header Files</Filter>
    </ClInclude>
    <ClInclude Include="Imaiter.h">
      <Filter>Header Files</Filter>
    </ClInclude>
    <ClInclude Include="Imajpg.h">
      <Filter>Header Files</Filter>
    </ClInclude>
    <ClInclude Include="Imapng.h">
      <Filter>Header Files</Filter>
    </ClInclude>
    <ClInclude Include="StdAfx.h">
      <Filter>Header Files</Filter>
    </ClInclude>
  </ItemGroup>
</Project>