<?xml version="1.0" encoding="utf-8"?>
<Project ToolsVersion="4.0" xmlns="http://schemas.microsoft.com/developer/msbuild/2003">
  <ItemGroup>
    <Filter Include="Source Files">
      <UniqueIdentifier>{7cce7f5b-0f57-4072-9452-deabbd49ffb7}</UniqueIdentifier>
      <Extensions>cpp;c;cxx;rc;def;r;odl;hpj;bat;for;f90</Extensions>
    </Filter>
    <Filter Include="Header Files">
      <UniqueIdentifier>{46017557-5fdf-40c4-a4ab-afbdb9a3ec22}</UniqueIdentifier>
      <Extensions>h;hpp;hxx;hm;inl;fi;fd</Extensions>
    </Filter>
    <Filter Include="Resource Files">
      <UniqueIdentifier>{bf5ee018-a6e2-4ed2-af03-25036351193d}</UniqueIdentifier>
      <Extensions>ico;cur;bmp;dlg;rc2;rct;bin;cnt;rtf;gif;jpg;jpeg;jpe</Extensions>
    </Filter>
  </ItemGroup>
  <ItemGroup>
    <ClCompile Include="Adler32.c">
      <Filter>Source Files</Filter>
    </ClCompile>
    <ClCompile Include="Compress.c">
      <Filter>Source Files</Filter>
    </ClCompile>
    <ClCompile Include="Crc32.c">
      <Filter>Source Files</Filter>
    </ClCompile>
    <ClCompile Include="Deflate.c">
      <Filter>Source Files</Filter>
    </ClCompile>
    <ClCompile Include="Gzio.c">
      <Filter>Source Files</Filter>
    </ClCompile>
    <ClCompile Include="Infblock.c">
      <Filter>Source Files</Filter>
    </ClCompile>
    <ClCompile Include="Infcodes.c">
      <Filter>Source Files</Filter>
    </ClCompile>
    <ClCompile Include="Inffast.c">
      <Filter>Source Files</Filter>
    </ClCompile>
    <ClCompile Include="Inflate.c">
      <Filter>Source Files</Filter>
    </ClCompile>
    <ClCompile Include="Inftrees.c">
      <Filter>Source Files</Filter>
    </ClCompile>
    <ClCompile Include="Infutil.c">
      <Filter>Source Files</Filter>
    </ClCompile>
    <ClCompile Include="Trees.c">
      <Filter>Source Files</Filter>
    </ClCompile>
    <ClCompile Include="Uncompr.c">
      <Filter>Source Files</Filter>
    </ClCompile>
    <ClCompile Include="Zutil.c">
      <Filter>Source Files</Filter>
    </ClCompile>
  </ItemGroup>
  <ItemGroup>
    <ClInclude Include="deflate.h">
      <Filter>Header Files</Filter>
    </ClInclude>
    <ClInclude Include="infblock.h">
      <Filter>Header Files</Filter>
    </ClInclude>
    <ClInclude Include="infcodes.h">
      <Filter>Header Files</Filter>
    </ClInclude>
    <ClInclude Include="inffast.h">
      <Filter>Header Files</Filter>
    </ClInclude>
    <ClInclude Include="inftrees.h">
      <Filter>Header Files</Filter>
    </ClInclude>
    <ClInclude Include="infutil.h">
      <Filter>Header Files</Filter>
    </ClInclude>
    <ClInclude Include="zconf.h">
      <Filter>Header Files</Filter>
    </ClInclude>
    <ClInclude Include="zlib.h">
      <Filter>Header Files</Filter>
    </ClInclude>
    <ClInclude Include="zutil.h">
      <Filter>Header Files</Filter>
    </ClInclude>
  </ItemGroup>
</Project>